
Microsoft Visual Studio Solution File, Format Version 12.00
# Visual Studio Version 17
VisualStudioVersion = 17.6.33723.286
MinimumVisualStudioVersion = 10.0.40219.1
Project("{FAE04EC0-301F-11D3-BF4B-00C04F79EFBC}") = "carnet1284662.Android", "carnet1284662\carnet1284662.Android\carnet1284662.Android.csproj", "{9BE42716-90A3-4978-9443-F216C4F86F94}"
EndProject
Project("{FAE04EC0-301F-11D3-BF4B-00C04F79EFBC}") = "carnet1284662.iOS", "carnet1284662\carnet1284662.iOS\carnet1284662.iOS.csproj", "{5F92DEE2-F3CE-413B-87C3-3F1A6B73BDFB}"
EndProject
Project("{FAE04EC0-301F-11D3-BF4B-00C04F79EFBC}") = "carnet1284662", "carnet1284662\carnet1284662\carnet1284662.csproj", "{60C6A310-4A52-44FD-B991-F5C208370594}"
EndProject
Global
	GlobalSection(SolutionConfigurationPlatforms) = preSolution
		Debug|Any CPU = Debug|Any CPU
		Debug|iPhone = Debug|iPhone
		Debug|iPhoneSimulator = Debug|iPhoneSimulator
		Release|Any CPU = Release|Any CPU
		Release|iPhone = Release|iPhone
		Release|iPhoneSimulator = Release|iPhoneSimulator
	EndGlobalSection
	GlobalSection(ProjectConfigurationPlatforms) = postSolution
		{9BE42716-90A3-4978-9443-F216C4F86F94}.Debug|Any CPU.ActiveCfg = Debug|Any CPU
		{9BE42716-90A3-4978-9443-F216C4F86F94}.Debug|Any CPU.Build.0 = Debug|Any CPU
		{9BE42716-90A3-4978-9443-F216C4F86F94}.Debug|Any CPU.Deploy.0 = Debug|Any CPU
		{9BE42716-90A3-4978-9443-F216C4F86F94}.Debug|iPhone.ActiveCfg = Debug|Any CPU
		{9BE42716-90A3-4978-9443-F216C4F86F94}.Debug|iPhone.Build.0 = Debug|Any CPU
		{9BE42716-90A3-4978-9443-F216C4F86F94}.Debug|iPhone.Deploy.0 = Debug|Any CPU
		{9BE42716-90A3-4978-9443-F216C4F86F94}.Debug|iPhoneSimulator.ActiveCfg = Debug|Any CPU
		{9BE42716-90A3-4978-9443-F216C4F86F94}.Debug|iPhoneSimulator.Build.0 = Debug|Any CPU
		{9BE42716-90A3-4978-9443-F216C4F86F94}.Debug|iPhoneSimulator.Deploy.0 = Debug|Any CPU
		{9BE42716-90A3-4978-9443-F216C4F86F94}.Release|Any CPU.ActiveCfg = Release|Any CPU
		{9BE42716-90A3-4978-9443-F216C4F86F94}.Release|Any CPU.Build.0 = Release|Any CPU
		{9BE42716-90A3-4978-9443-F216C4F86F94}.Release|Any CPU.Deploy.0 = Release|Any CPU
		{9BE42716-90A3-4978-9443-F216C4F86F94}.Release|iPhone.ActiveCfg = Release|Any CPU
		{9BE42716-90A3-4978-9443-F216C4F86F94}.Release|iPhone.Build.0 = Release|Any CPU
		{9BE42716-90A3-4978-9443-F216C4F86F94}.Release|iPhone.Deploy.0 = Release|Any CPU
		{9BE42716-90A3-4978-9443-F216C4F86F94}.Release|iPhoneSimulator.ActiveCfg = Release|Any CPU
		{9BE42716-90A3-4978-9443-F216C4F86F94}.Release|iPhoneSimulator.Build.0 = Release|Any CPU
		{9BE42716-90A3-4978-9443-F216C4F86F94}.Release|iPhoneSimulator.Deploy.0 = Release|Any CPU
		{5F92DEE2-F3CE-413B-87C3-3F1A6B73BDFB}.Debug|Any CPU.ActiveCfg = Debug|iPhone
		{5F92DEE2-F3CE-413B-87C3-3F1A6B73BDFB}.Debug|Any CPU.Build.0 = Debug|iPhone
		{5F92DEE2-F3CE-413B-87C3-3F1A6B73BDFB}.Debug|Any CPU.Deploy.0 = Debug|iPhone
		{5F92DEE2-F3CE-413B-87C3-3F1A6B73BDFB}.Debug|iPhone.ActiveCfg = Debug|iPhone
		{5F92DEE2-F3CE-413B-87C3-3F1A6B73BDFB}.Debug|iPhone.Build.0 = Debug|iPhone
		{5F92DEE2-F3CE-413B-87C3-3F1A6B73BDFB}.Debug|iPhone.Deploy.0 = Debug|iPhone
		{5F92DEE2-F3CE-413B-87C3-3F1A6B73BDFB}.Debug|iPhoneSimulator.ActiveCfg = Debug|iPhoneSimulator
		{5F92DEE2-F3CE-413B-87C3-3F1A6B73BDFB}.Debug|iPhoneSimulator.Build.0 = Debug|iPhoneSimulator
		{5F92DEE2-F3CE-413B-87C3-3F1A6B73BDFB}.Debug|iPhoneSimulator.Deploy.0 = Debug|iPhoneSimulator
		{5F92DEE2-F3CE-413B-87C3-3F1A6B73BDFB}.Release|Any CPU.ActiveCfg = Release|iPhoneSimulator
		{5F92DEE2-F3CE-413B-87C3-3F1A6B73BDFB}.Release|Any CPU.Build.0 = Release|iPhoneSimulator
		{5F92DEE2-F3CE-413B-87C3-3F1A6B73BDFB}.Release|Any CPU.Deploy.0 = Release|iPhoneSimulator
		{5F92DEE2-F3CE-413B-87C3-3F1A6B73BDFB}.Release|iPhone.ActiveCfg = Release|iPhone
		{5F92DEE2-F3CE-413B-87C3-3F1A6B73BDFB}.Release|iPhone.Build.0 = Release|iPhone
		{5F92DEE2-F3CE-413B-87C3-3F1A6B73BDFB}.Release|iPhone.Deploy.0 = Release|iPhone
		{5F92DEE2-F3CE-413B-87C3-3F1A6B73BDFB}.Release|iPhoneSimulator.ActiveCfg = Release|iPhoneSimulator
		{5F92DEE2-F3CE-413B-87C3-3F1A6B73BDFB}.Release|iPhoneSimulator.Build.0 = Release|iPhoneSimulator
		{5F92DEE2-F3CE-413B-87C3-3F1A6B73BDFB}.Release|iPhoneSimulator.Deploy.0 = Release|iPhoneSimulator
		{60C6A310-4A52-44FD-B991-F5C208370594}.Debug|Any CPU.ActiveCfg = Debug|Any CPU
		{60C6A310-4A52-44FD-B991-F5C208370594}.Debug|Any CPU.Build.0 = Debug|Any CPU
		{60C6A310-4A52-44FD-B991-F5C208370594}.Debug|Any CPU.Deploy.0 = Debug|Any CPU
		{60C6A310-4A52-44FD-B991-F5C208370594}.Debug|iPhone.ActiveCfg = Debug|Any CPU
		{60C6A310-4A52-44FD-B991-F5C208370594}.Debug|iPhone.Build.0 = Debug|Any CPU
		{60C6A310-4A52-44FD-B991-F5C208370594}.Debug|iPhone.Deploy.0 = Debug|Any CPU
		{60C6A310-4A52-44FD-B991-F5C208370594}.Debug|iPhoneSimulator.ActiveCfg = Debug|Any CPU
		{60C6A310-4A52-44FD-B991-F5C208370594}.Debug|iPhoneSimulator.Build.0 = Debug|Any CPU
		{60C6A310-4A52-44FD-B991-F5C208370594}.Debug|iPhoneSimulator.Deploy.0 = Debug|Any CPU
		{60C6A310-4A52-44FD-B991-F5C208370594}.Release|Any CPU.ActiveCfg = Release|Any CPU
		{60C6A310-4A52-44FD-B991-F5C208370594}.Release|Any CPU.Build.0 = Release|Any CPU
		{60C6A310-4A52-44FD-B991-F5C208370594}.Release|Any CPU.Deploy.0 = Release|Any CPU
		{60C6A310-4A52-44FD-B991-F5C208370594}.Release|iPhone.ActiveCfg = Release|Any CPU
		{60C6A310-4A52-44FD-B991-F5C208370594}.Release|iPhone.Build.0 = Release|Any CPU
		{60C6A310-4A52-44FD-B991-F5C208370594}.Release|iPhone.Deploy.0 = Release|Any CPU
		{60C6A310-4A52-44FD-B991-F5C208370594}.Release|iPhoneSimulator.ActiveCfg = Release|Any CPU
		{60C6A310-4A52-44FD-B991-F5C208370594}.Release|iPhoneSimulator.Build.0 = Release|Any CPU
		{60C6A310-4A52-44FD-B991-F5C208370594}.Release|iPhoneSimulator.Deploy.0 = Release|Any CPU
	EndGlobalSection
	GlobalSection(SolutionProperties) = preSolution
		HideSolutionNode = FALSE
	EndGlobalSection
	GlobalSection(ExtensibilityGlobals) = postSolution
		SolutionGuid = {12274192-6AA0-4CFB-A9F7-2D324122C7F1}
	EndGlobalSection
EndGlobal
